
Microsoft Visual Studio Solution File, Format Version 12.00
# Visual Studio Version 17
VisualStudioVersion = 17.0.31903.59
MinimumVisualStudioVersion = 10.0.40219.1
Project("{2150E333-8FDC-42A3-9474-1A3956D46DE8}") = "src", "src", "{1325E8AC-D37B-4C4D-AF26-EC8A4468FA87}"
EndProject
Project("{FAE04EC0-301F-11D3-BF4B-00C04F79EFBC}") = "CodeDraw.Net", "src\CodeDraw.Net\CodeDraw.Net.csproj", "{F942C7F6-867C-4E8F-841C-2AB68A6F26C9}"
EndProject
Project("{2150E333-8FDC-42A3-9474-1A3956D46DE8}") = "tests", "tests", "{7EEC0BDA-0D02-45EF-9195-38430EB7B234}"
EndProject
Project("{FAE04EC0-301F-11D3-BF4B-00C04F79EFBC}") = "CodeDraw.Net.Tests.Manual", "tests\CodeDraw.Net.Tests.Manual\CodeDraw.Net.Tests.Manual.csproj", "{3AC91022-51DC-471D-92DF-9D0BB380533A}"
EndProject
Project("{2150E333-8FDC-42A3-9474-1A3956D46DE8}") = "benchmarks", "benchmarks", "{AAED6804-3C80-44D8-BEE4-A6A102C88EE0}"
EndProject
Project("{FAE04EC0-301F-11D3-BF4B-00C04F79EFBC}") = "CodeDraw.Net.Benchmarks", "benchmarks\CodeDraw.Net.Benchmarks\CodeDraw.Net.Benchmarks.csproj", "{AAFA4753-4292-48B6-A37A-0ED512873A9E}"
EndProject
Project("{2150E333-8FDC-42A3-9474-1A3956D46DE8}") = "libs", "libs", "{4552FEC1-8DAA-4441-9FAE-BD5B473A4877}"
EndProject
Project("{FAE04EC0-301F-11D3-BF4B-00C04F79EFBC}") = "Color.Net", "libs\Color.Net\Color.Net.csproj", "{16A4C784-D43C-487B-9072-E565EFF04146}"
EndProject
Project("{FAE04EC0-301F-11D3-BF4B-00C04F79EFBC}") = "Diagnostics.Net", "libs\Diagnostics.Net\Diagnostics.Net.csproj", "{731A9310-77F1-4A5A-8FFA-E16BC473FB5D}"
EndProject
Project("{FAE04EC0-301F-11D3-BF4B-00C04F79EFBC}") = "Math.Net", "libs\Math.Net\Math.Net.csproj", "{56D94DDC-E019-4F4D-A3EE-F72E76A33F6C}"
EndProject
Project("{2150E333-8FDC-42A3-9474-1A3956D46DE8}") = "legacy", "legacy", "{4E5A86E3-004C-4D41-BCD9-EA8A4F962B41}"
EndProject
Project("{2150E333-8FDC-42A3-9474-1A3956D46DE8}") = "Legacy1", "Legacy1", "{3045C6E8-E2A7-4504-98EE-CF43D05D08EC}"
EndProject
Project("{2150E333-8FDC-42A3-9474-1A3956D46DE8}") = "src", "src", "{D7EBAC7C-18AF-4591-80F4-95DA35D0D6DE}"
EndProject
Project("{FAE04EC0-301F-11D3-BF4B-00C04F79EFBC}") = "CodeDraw.Net", "legacy\Legacy1\src\CodeDraw.Net\CodeDraw.Net.csproj", "{543AA561-FEEF-489A-B523-BF09E5263C4D}"
EndProject
Project("{2150E333-8FDC-42A3-9474-1A3956D46DE8}") = "tests", "tests", "{C102AAAB-2208-426B-BD59-A2137A132BAA}"
EndProject
Project("{FAE04EC0-301F-11D3-BF4B-00C04F79EFBC}") = "CodeDraw.Net.Tests.Manual", "legacy\Legacy1\tests\CodeDraw.Net.Tests.Manual\CodeDraw.Net.Tests.Manual.csproj", "{5FBA35F9-6934-43D4-9005-6D2B416B474C}"
EndProject
Project("{2150E333-8FDC-42A3-9474-1A3956D46DE8}") = "demos", "demos", "{20424D04-53D1-4B66-81F8-7C14668B04FC}"
EndProject
Project("{FAE04EC0-301F-11D3-BF4B-00C04F79EFBC}") = "Ttrpg", "legacy\Legacy1\demos\Ttrpg\Ttrpg.csproj", "{973C437E-8D71-4C8A-8D4B-78F6813C063D}"
EndProject
Project("{FAE04EC0-301F-11D3-BF4B-00C04F79EFBC}") = "CodeDraw.Net.Tests.Unit", "tests\CodeDraw.Net.Tests.Unit\CodeDraw.Net.Tests.Unit.csproj", "{1E1A3D68-93DA-4FE6-9DEE-6B778AD8B0ED}"
EndProject
Global
	GlobalSection(SolutionConfigurationPlatforms) = preSolution
		Debug|Any CPU = Debug|Any CPU
		Release|Any CPU = Release|Any CPU
	EndGlobalSection
	GlobalSection(SolutionProperties) = preSolution
		HideSolutionNode = FALSE
	EndGlobalSection
	GlobalSection(ProjectConfigurationPlatforms) = postSolution
		{F942C7F6-867C-4E8F-841C-2AB68A6F26C9}.Debug|Any CPU.ActiveCfg = Debug|Any CPU
		{F942C7F6-867C-4E8F-841C-2AB68A6F26C9}.Debug|Any CPU.Build.0 = Debug|Any CPU
		{F942C7F6-867C-4E8F-841C-2AB68A6F26C9}.Release|Any CPU.ActiveCfg = Release|Any CPU
		{F942C7F6-867C-4E8F-841C-2AB68A6F26C9}.Release|Any CPU.Build.0 = Release|Any CPU
		{3AC91022-51DC-471D-92DF-9D0BB380533A}.Debug|Any CPU.ActiveCfg = Debug|Any CPU
		{3AC91022-51DC-471D-92DF-9D0BB380533A}.Debug|Any CPU.Build.0 = Debug|Any CPU
		{3AC91022-51DC-471D-92DF-9D0BB380533A}.Release|Any CPU.ActiveCfg = Release|Any CPU
		{3AC91022-51DC-471D-92DF-9D0BB380533A}.Release|Any CPU.Build.0 = Release|Any CPU
		{AAFA4753-4292-48B6-A37A-0ED512873A9E}.Debug|Any CPU.ActiveCfg = Debug|Any CPU
		{AAFA4753-4292-48B6-A37A-0ED512873A9E}.Debug|Any CPU.Build.0 = Debug|Any CPU
		{AAFA4753-4292-48B6-A37A-0ED512873A9E}.Release|Any CPU.ActiveCfg = Release|Any CPU
		{AAFA4753-4292-48B6-A37A-0ED512873A9E}.Release|Any CPU.Build.0 = Release|Any CPU
		{16A4C784-D43C-487B-9072-E565EFF04146}.Debug|Any CPU.ActiveCfg = Debug|Any CPU
		{16A4C784-D43C-487B-9072-E565EFF04146}.Debug|Any CPU.Build.0 = Debug|Any CPU
		{16A4C784-D43C-487B-9072-E565EFF04146}.Release|Any CPU.ActiveCfg = Release|Any CPU
		{16A4C784-D43C-487B-9072-E565EFF04146}.Release|Any CPU.Build.0 = Release|Any CPU
		{731A9310-77F1-4A5A-8FFA-E16BC473FB5D}.Debug|Any CPU.ActiveCfg = Debug|Any CPU
		{731A9310-77F1-4A5A-8FFA-E16BC473FB5D}.Debug|Any CPU.Build.0 = Debug|Any CPU
		{731A9310-77F1-4A5A-8FFA-E16BC473FB5D}.Release|Any CPU.ActiveCfg = Release|Any CPU
		{731A9310-77F1-4A5A-8FFA-E16BC473FB5D}.Release|Any CPU.Build.0 = Release|Any CPU
		{56D94DDC-E019-4F4D-A3EE-F72E76A33F6C}.Debug|Any CPU.ActiveCfg = Debug|Any CPU
		{56D94DDC-E019-4F4D-A3EE-F72E76A33F6C}.Debug|Any CPU.Build.0 = Debug|Any CPU
		{56D94DDC-E019-4F4D-A3EE-F72E76A33F6C}.Release|Any CPU.ActiveCfg = Release|Any CPU
		{56D94DDC-E019-4F4D-A3EE-F72E76A33F6C}.Release|Any CPU.Build.0 = Release|Any CPU
		{543AA561-FEEF-489A-B523-BF09E5263C4D}.Debug|Any CPU.ActiveCfg = Debug|Any CPU
		{543AA561-FEEF-489A-B523-BF09E5263C4D}.Debug|Any CPU.Build.0 = Debug|Any CPU
		{543AA561-FEEF-489A-B523-BF09E5263C4D}.Release|Any CPU.ActiveCfg = Release|Any CPU
		{543AA561-FEEF-489A-B523-BF09E5263C4D}.Release|Any CPU.Build.0 = Release|Any CPU
		{5FBA35F9-6934-43D4-9005-6D2B416B474C}.Debug|Any CPU.ActiveCfg = Debug|Any CPU
		{5FBA35F9-6934-43D4-9005-6D2B416B474C}.Debug|Any CPU.Build.0 = Debug|Any CPU
		{5FBA35F9-6934-43D4-9005-6D2B416B474C}.Release|Any CPU.ActiveCfg = Release|Any CPU
		{5FBA35F9-6934-43D4-9005-6D2B416B474C}.Release|Any CPU.Build.0 = Release|Any CPU
		{973C437E-8D71-4C8A-8D4B-78F6813C063D}.Debug|Any CPU.ActiveCfg = Debug|Any CPU
		{973C437E-8D71-4C8A-8D4B-78F6813C063D}.Debug|Any CPU.Build.0 = Debug|Any CPU
		{973C437E-8D71-4C8A-8D4B-78F6813C063D}.Release|Any CPU.ActiveCfg = Release|Any CPU
		{973C437E-8D71-4C8A-8D4B-78F6813C063D}.Release|Any CPU.Build.0 = Release|Any CPU
		{1E1A3D68-93DA-4FE6-9DEE-6B778AD8B0ED}.Debug|Any CPU.ActiveCfg = Debug|Any CPU
		{1E1A3D68-93DA-4FE6-9DEE-6B778AD8B0ED}.Debug|Any CPU.Build.0 = Debug|Any CPU
		{1E1A3D68-93DA-4FE6-9DEE-6B778AD8B0ED}.Release|Any CPU.ActiveCfg = Release|Any CPU
		{1E1A3D68-93DA-4FE6-9DEE-6B778AD8B0ED}.Release|Any CPU.Build.0 = Release|Any CPU
	EndGlobalSection
	GlobalSection(NestedProjects) = preSolution
		{F942C7F6-867C-4E8F-841C-2AB68A6F26C9} = {1325E8AC-D37B-4C4D-AF26-EC8A4468FA87}
		{3AC91022-51DC-471D-92DF-9D0BB380533A} = {7EEC0BDA-0D02-45EF-9195-38430EB7B234}
		{AAFA4753-4292-48B6-A37A-0ED512873A9E} = {AAED6804-3C80-44D8-BEE4-A6A102C88EE0}
		{16A4C784-D43C-487B-9072-E565EFF04146} = {4552FEC1-8DAA-4441-9FAE-BD5B473A4877}
		{731A9310-77F1-4A5A-8FFA-E16BC473FB5D} = {4552FEC1-8DAA-4441-9FAE-BD5B473A4877}
		{56D94DDC-E019-4F4D-A3EE-F72E76A33F6C} = {4552FEC1-8DAA-4441-9FAE-BD5B473A4877}
		{3045C6E8-E2A7-4504-98EE-CF43D05D08EC} = {4E5A86E3-004C-4D41-BCD9-EA8A4F962B41}
		{D7EBAC7C-18AF-4591-80F4-95DA35D0D6DE} = {3045C6E8-E2A7-4504-98EE-CF43D05D08EC}
		{543AA561-FEEF-489A-B523-BF09E5263C4D} = {D7EBAC7C-18AF-4591-80F4-95DA35D0D6DE}
		{C102AAAB-2208-426B-BD59-A2137A132BAA} = {3045C6E8-E2A7-4504-98EE-CF43D05D08EC}
		{5FBA35F9-6934-43D4-9005-6D2B416B474C} = {C102AAAB-2208-426B-BD59-A2137A132BAA}
		{20424D04-53D1-4B66-81F8-7C14668B04FC} = {3045C6E8-E2A7-4504-98EE-CF43D05D08EC}
		{973C437E-8D71-4C8A-8D4B-78F6813C063D} = {20424D04-53D1-4B66-81F8-7C14668B04FC}
		{1E1A3D68-93DA-4FE6-9DEE-6B778AD8B0ED} = {7EEC0BDA-0D02-45EF-9195-38430EB7B234}
	EndGlobalSection
EndGlobal
